
Microsoft Visual Studio Solution File, Format Version 12.00
# Visual Studio Version 17
VisualStudioVersion = 17.9.34701.34
MinimumVisualStudioVersion = 10.0.40219.1
Project("{FAE04EC0-301F-11D3-BF4B-00C04F79EFBC}") = "CelesteDash", "CelesteDash\CelesteDash.csproj", "{5D591691-175A-410B-A56A-0A39D8C09BF8}"
EndProject
Project("{2150E333-8FDC-42A3-9474-1A3956D46DE8}") = "Solution Files", "Solution Files", "{2E6DD5B7-9392-4088-B65D-CD5B12562A64}"
	ProjectSection(SolutionItems) = preProject
		.github\workflows\build.yml = .github\workflows\build.yml
		.github\dependabot.yml = .github\dependabot.yml
		README.md = README.md
	EndProjectSection
EndProject
Global
	GlobalSection(SolutionConfigurationPlatforms) = preSolution
		Debug|Any CPU = Debug|Any CPU
		Release|Any CPU = Release|Any CPU
	EndGlobalSection
	GlobalSection(ProjectConfigurationPlatforms) = postSolution
		{5D591691-175A-410B-A56A-0A39D8C09BF8}.Debug|Any CPU.ActiveCfg = Debug|Any CPU
		{5D591691-175A-410B-A56A-0A39D8C09BF8}.Debug|Any CPU.Build.0 = Debug|Any CPU
		{5D591691-175A-410B-A56A-0A39D8C09BF8}.Release|Any CPU.ActiveCfg = Release|Any CPU
		{5D591691-175A-410B-A56A-0A39D8C09BF8}.Release|Any CPU.Build.0 = Release|Any CPU
	EndGlobalSection
	GlobalSection(SolutionProperties) = preSolution
		HideSolutionNode = FALSE
	EndGlobalSection
	GlobalSection(ExtensibilityGlobals) = postSolution
		SolutionGuid = {7FBE0C97-1359-4E16-9819-529BDBEC6071}
	EndGlobalSection
EndGlobal
